
Microsoft Visual Studio Solution File, Format Version 12.00
# Visual Studio Version 17
VisualStudioVersion = 17.0.31919.166
MinimumVisualStudioVersion = 10.0.40219.1
Project("{9A19103F-16F7-4668-BE54-9A1E7A4F7556}") = "YoutubeAPI", "YoutubeAPI.csproj", "{FBAE874B-77F3-4DD8-8FB6-DFFC445B63B4}"
EndProject
Global
	GlobalSection(SolutionConfigurationPlatforms) = preSolution
		Debug|Any CPU = Debug|Any CPU
		Release|Any CPU = Release|Any CPU
	EndGlobalSection
	GlobalSection(ProjectConfigurationPlatforms) = postSolution
		{FBAE874B-77F3-4DD8-8FB6-DFFC445B63B4}.Debug|Any CPU.ActiveCfg = Debug|Any CPU
		{FBAE874B-77F3-4DD8-8FB6-DFFC445B63B4}.Debug|Any CPU.Build.0 = Debug|Any CPU
		{FBAE874B-77F3-4DD8-8FB6-DFFC445B63B4}.Release|Any CPU.ActiveCfg = Release|Any CPU
		{FBAE874B-77F3-4DD8-8FB6-DFFC445B63B4}.Release|Any CPU.Build.0 = Release|Any CPU
	EndGlobalSection
	GlobalSection(SolutionProperties) = preSolution
		HideSolutionNode = FALSE
	EndGlobalSection
	GlobalSection(ExtensibilityGlobals) = postSolution
		SolutionGuid = {2D5F7C2A-F12C-4761-A284-3006EDF70F79}
	EndGlobalSection
EndGlobal
